Microsoft Visual Studio Solution File, Format Version 12.00
# Visual Studio 2012
Project("{FAE04EC0-301F-11D3-BF4B-00C04F79EFBC}") = "Roguelite", "Roguelite.csproj", "{D202AA28-6A5F-4F6B-AE2C-E2A58BD5FA01}"
EndProject
Global
	GlobalSection(SolutionConfigurationPlatforms) = preSolution
	Debug|Any CPU = Debug|Any CPU
	ExportDebug|Any CPU = ExportDebug|Any CPU
	ExportRelease|Any CPU = ExportRelease|Any CPU
	EndGlobalSection
	GlobalSection(ProjectConfigurationPlatforms) = postSolution
		{D202AA28-6A5F-4F6B-AE2C-E2A58BD5FA01}.Debug|Any CPU.ActiveCfg = Debug|Any CPU
		{D202AA28-6A5F-4F6B-AE2C-E2A58BD5FA01}.Debug|Any CPU.Build.0 = Debug|Any CPU
		{D202AA28-6A5F-4F6B-AE2C-E2A58BD5FA01}.ExportDebug|Any CPU.ActiveCfg = ExportDebug|Any CPU
		{D202AA28-6A5F-4F6B-AE2C-E2A58BD5FA01}.ExportDebug|Any CPU.Build.0 = ExportDebug|Any CPU
		{D202AA28-6A5F-4F6B-AE2C-E2A58BD5FA01}.ExportRelease|Any CPU.ActiveCfg = ExportRelease|Any CPU
		{D202AA28-6A5F-4F6B-AE2C-E2A58BD5FA01}.ExportRelease|Any CPU.Build.0 = ExportRelease|Any CPU
	EndGlobalSection
EndGlobal
